
Microsoft Visual Studio Solution File, Format Version 12.00
# Visual Studio 15
VisualStudioVersion = 15.0.27004.2009
MinimumVisualStudioVersion = 10.0.40219.1
Project("{FAE04EC0-301F-11D3-BF4B-00C04F79EFBC}") = "ChallengeEpicSpiesAssignment", "ChallengeEpicSpiesAssignment\ChallengeEpicSpiesAssignment.csproj", "{4400F179-55CD-459E-A1DC-0CE76E9552FD}"
EndProject
Global
	GlobalSection(SolutionConfigurationPlatforms) = preSolution
		Debug|Any CPU = Debug|Any CPU
		Release|Any CPU = Release|Any CPU
	EndGlobalSection
	GlobalSection(ProjectConfigurationPlatforms) = postSolution
		{4400F179-55CD-459E-A1DC-0CE76E9552FD}.Debug|Any CPU.ActiveCfg = Debug|Any CPU
		{4400F179-55CD-459E-A1DC-0CE76E9552FD}.Debug|Any CPU.Build.0 = Debug|Any CPU
		{4400F179-55CD-459E-A1DC-0CE76E9552FD}.Release|Any CPU.ActiveCfg = Release|Any CPU
		{4400F179-55CD-459E-A1DC-0CE76E9552FD}.Release|Any CPU.Build.0 = Release|Any CPU
	EndGlobalSection
	GlobalSection(SolutionProperties) = preSolution
		HideSolutionNode = FALSE
	EndGlobalSection
	GlobalSection(ExtensibilityGlobals) = postSolution
		SolutionGuid = {612C57F8-D70B-4930-BA54-3D90BC73DA2E}
	EndGlobalSection
EndGlobal
