
Microsoft Visual Studio Solution File, Format Version 12.00
# Visual Studio 15
VisualStudioVersion = 15.0.27004.2009
MinimumVisualStudioVersion = 10.0.40219.1
Project("{FAE04EC0-301F-11D3-BF4B-00C04F79EFBC}") = "ChallengeConditionalRadioButton", "ChallengeConditionalRadioButton\ChallengeConditionalRadioButton.csproj", "{A5959D99-C9E2-4F18-9C34-B6AA8AFC3351}"
EndProject
Global
	GlobalSection(SolutionConfigurationPlatforms) = preSolution
		Debug|Any CPU = Debug|Any CPU
		Release|Any CPU = Release|Any CPU
	EndGlobalSection
	GlobalSection(ProjectConfigurationPlatforms) = postSolution
		{A5959D99-C9E2-4F18-9C34-B6AA8AFC3351}.Debug|Any CPU.ActiveCfg = Debug|Any CPU
		{A5959D99-C9E2-4F18-9C34-B6AA8AFC3351}.Debug|Any CPU.Build.0 = Debug|Any CPU
		{A5959D99-C9E2-4F18-9C34-B6AA8AFC3351}.Release|Any CPU.ActiveCfg = Release|Any CPU
		{A5959D99-C9E2-4F18-9C34-B6AA8AFC3351}.Release|Any CPU.Build.0 = Release|Any CPU
	EndGlobalSection
	GlobalSection(SolutionProperties) = preSolution
		HideSolutionNode = FALSE
	EndGlobalSection
	GlobalSection(ExtensibilityGlobals) = postSolution
		SolutionGuid = {856C3D00-3374-4360-BA0F-6EED4190EF51}
	EndGlobalSection
EndGlobal
